
Microsoft Visual Studio Solution File, Format Version 12.00
# Visual Studio Version 17
VisualStudioVersion = 17.9.34728.123
MinimumVisualStudioVersion = 10.0.40219.1
Project("{FAE04EC0-301F-11D3-BF4B-00C04F79EFBC}") = "FaultTolerance", "FaultTolerance\FaultTolerance.csproj", "{52AE3449-B537-4B95-B18D-C8DA9BBF7F5D}"
EndProject
Global
	GlobalSection(SolutionConfigurationPlatforms) = preSolution
		Debug|Any CPU = Debug|Any CPU
		Release|Any CPU = Release|Any CPU
	EndGlobalSection
	GlobalSection(ProjectConfigurationPlatforms) = postSolution
		{52AE3449-B537-4B95-B18D-C8DA9BBF7F5D}.Debug|Any CPU.ActiveCfg = Debug|Any CPU
		{52AE3449-B537-4B95-B18D-C8DA9BBF7F5D}.Debug|Any CPU.Build.0 = Debug|Any CPU
		{52AE3449-B537-4B95-B18D-C8DA9BBF7F5D}.Release|Any CPU.ActiveCfg = Release|Any CPU
		{52AE3449-B537-4B95-B18D-C8DA9BBF7F5D}.Release|Any CPU.Build.0 = Release|Any CPU
	EndGlobalSection
	GlobalSection(SolutionProperties) = preSolution
		HideSolutionNode = FALSE
	EndGlobalSection
	GlobalSection(ExtensibilityGlobals) = postSolution
		SolutionGuid = {3061B2A7-D418-44C7-BFC7-AE30C065ABAD}
	EndGlobalSection
EndGlobal
